
Microsoft Visual Studio Solution File, Format Version 12.00
# Visual Studio Version 17
VisualStudioVersion = 17.6.33723.286
MinimumVisualStudioVersion = 10.0.40219.1
Project("{FAE04EC0-301F-11D3-BF4B-00C04F79EFBC}") = "BookStore.Order", "BookStore.Order\BookStore.Order.csproj", "{5AFA605D-B7F5-40B9-BFFE-E894066011DC}"
EndProject
Global
	GlobalSection(SolutionConfigurationPlatforms) = preSolution
		Debug|Any CPU = Debug|Any CPU
		Release|Any CPU = Release|Any CPU
	EndGlobalSection
	GlobalSection(ProjectConfigurationPlatforms) = postSolution
		{5AFA605D-B7F5-40B9-BFFE-E894066011DC}.Debug|Any CPU.ActiveCfg = Debug|Any CPU
		{5AFA605D-B7F5-40B9-BFFE-E894066011DC}.Debug|Any CPU.Build.0 = Debug|Any CPU
		{5AFA605D-B7F5-40B9-BFFE-E894066011DC}.Release|Any CPU.ActiveCfg = Release|Any CPU
		{5AFA605D-B7F5-40B9-BFFE-E894066011DC}.Release|Any CPU.Build.0 = Release|Any CPU
	EndGlobalSection
	GlobalSection(SolutionProperties) = preSolution
		HideSolutionNode = FALSE
	EndGlobalSection
	GlobalSection(ExtensibilityGlobals) = postSolution
		SolutionGuid = {8C152DA1-2566-482D-8B1F-77A220A440C6}
	EndGlobalSection
EndGlobal
